// !$*UTF8*$!
{
	archiveVersion = 1;
	classes = {
	};
	objectVersion = 46;
	objects = {

/* Begin PBXBuildFile section */
		6514652415AE79FC00B3DA74 /* UIKit.framework in Frameworks */ = {isa = PBXBuildFile; fileRef = 6514652315AE79FC00B3DA74 /* UIKit.framework */; };
		6514652615AE79FC00B3DA74 /* Foundation.framework in Frameworks */ = {isa = PBXBuildFile; fileRef = 6514652515AE79FC00B3DA74 /* Foundation.framework */; };
		6514652815AE79FC00B3DA74 /* CoreGraphics.framework in Frameworks */ = {isa = PBXBuildFile; fileRef = 6514652715AE79FC00B3DA74 /* CoreGraphics.framework */; };
		6514652E15AE79FC00B3DA74 /* InfoPlist.strings in Resources */ = {isa = PBXBuildFile; fileRef = 6514652C15AE79FC00B3DA74 /* InfoPlist.strings */; };
		6514653015AE79FC00B3DA74 /* main.m in Sources */ = {isa = PBXBuildFile; fileRef = 6514652F15AE79FC00B3DA74 /* main.m */; };
		6514653415AE79FC00B3DA74 /* FLCAppDelegate.m in Sources */ = {isa = PBXBuildFile; fileRef = 6514653315AE79FC00B3DA74 /* FLCAppDelegate.m */; };
		6514653715AE79FC00B3DA74 /* MainStoryboard.storyboard in Resources */ = {isa = PBXBuildFile; fileRef = 6514653515AE79FC00B3DA74 /* MainStoryboard.storyboard */; };
		6514654715AE7ADD00B3DA74 /* FLCQuestionViewController.m in Sources */ = {isa = PBXBuildFile; fileRef = 6514654615AE7ADD00B3DA74 /* FLCQuestionViewController.m */; };
		6514655215AE820900B3DA74 /* FLCDetailViewController.m in Sources */ = {isa = PBXBuildFile; fileRef = 6514655115AE820900B3DA74 /* FLCDetailViewController.m */; };
		6514655615AE85AB00B3DA74 /* FLCQuestion.m in Sources */ = {isa = PBXBuildFile; fileRef = 6514655515AE85AB00B3DA74 /* FLCQuestion.m */; };
		6514655F15AE99F100B3DA74 /* camera.png in Resources */ = {isa = PBXBuildFile; fileRef = 6514655C15AE99F100B3DA74 /* camera.png */; };
		6514656015AE99F100B3DA74 /* pencilangled.png in Resources */ = {isa = PBXBuildFile; fileRef = 6514655D15AE99F100B3DA74 /* pencilangled.png */; };
		6514656115AE99F100B3DA74 /* speechmedia.png in Resources */ = {isa = PBXBuildFile; fileRef = 6514655E15AE99F100B3DA74 /* speechmedia.png */; };
		6514656515AE9A3800B3DA74 /* camera@2x.png in Resources */ = {isa = PBXBuildFile; fileRef = 6514656215AE9A3800B3DA74 /* camera@2x.png */; };
		6514656615AE9A3800B3DA74 /* pencilangled@2x.png in Resources */ = {isa = PBXBuildFile; fileRef = 6514656315AE9A3800B3DA74 /* pencilangled@2x.png */; };
		6514656715AE9A3800B3DA74 /* speechmedia@2x.png in Resources */ = {isa = PBXBuildFile; fileRef = 6514656415AE9A3800B3DA74 /* speechmedia@2x.png */; };
		651466BB15AEA68E00B3DA74 /* AirshipConfig.plist in Resources */ = {isa = PBXBuildFile; fileRef = 651466BA15AEA68E00B3DA74 /* AirshipConfig.plist */; };
		651466C115AEA70F00B3DA74 /* CFNetwork.framework in Frameworks */ = {isa = PBXBuildFile; fileRef = 651466C015AEA70F00B3DA74 /* CFNetwork.framework */; };
		651466C315AEA71B00B3DA74 /* MobileCoreServices.framework in Frameworks */ = {isa = PBXBuildFile; fileRef = 651466C215AEA71B00B3DA74 /* MobileCoreServices.framework */; };
		651466C515AEA72200B3DA74 /* Security.framework in Frameworks */ = {isa = PBXBuildFile; fileRef = 651466C415AEA72200B3DA74 /* Security.framework */; };
		651466C715AEA72A00B3DA74 /* SystemConfiguration.framework in Frameworks */ = {isa = PBXBuildFile; fileRef = 651466C615AEA72A00B3DA74 /* SystemConfiguration.framework */; };
		651466C915AEA73800B3DA74 /* libz.dylib in Frameworks */ = {isa = PBXBuildFile; fileRef = 651466C815AEA73800B3DA74 /* libz.dylib */; };
		651466CB15AEA74200B3DA74 /* libsqlite3.dylib in Frameworks */ = {isa = PBXBuildFile; fileRef = 651466CA15AEA74200B3DA74 /* libsqlite3.dylib */; };
		651466CD15AEA74A00B3DA74 /* CoreTelephony.framework in Frameworks */ = {isa = PBXBuildFile; fileRef = 651466CC15AEA74A00B3DA74 /* CoreTelephony.framework */; };
		651466CF15AEA75000B3DA74 /* StoreKit.framework in Frameworks */ = {isa = PBXBuildFile; fileRef = 651466CE15AEA74F00B3DA74 /* StoreKit.framework */; };
		651466D115AEA75700B3DA74 /* CoreLocation.framework in Frameworks */ = {isa = PBXBuildFile; fileRef = 651466D015AEA75700B3DA74 /* CoreLocation.framework */; };
		651466DB15AEAA8000B3DA74 /* libUAirship-1.2.2.a in Frameworks */ = {isa = PBXBuildFile; fileRef = 651466DA15AEAA8000B3DA74 /* libUAirship-1.2.2.a */; };
		651466E215AEAC7400B3DA74 /* Default.png in Resources */ = {isa = PBXBuildFile; fileRef = 651466DE15AEAC7400B3DA74 /* Default.png */; };
		651466E315AEAC7400B3DA74 /* Default@2x.png in Resources */ = {isa = PBXBuildFile; fileRef = 651466DF15AEAC7400B3DA74 /* Default@2x.png */; };
		651466E515AEACA700B3DA74 /* appicon@2x.png in Resources */ = {isa = PBXBuildFile; fileRef = 651466E415AEACA700B3DA74 /* appicon@2x.png */; };
		651466E715AEACBC00B3DA74 /* appicon.png in Resources */ = {isa = PBXBuildFile; fileRef = 651466E615AEACBC00B3DA74 /* appicon.png */; };
		6514670215AEBE6200B3DA74 /* AFHTTPClient.m in Sources */ = {isa = PBXBuildFile; fileRef = 651466EE15AEBE6200B3DA74 /* AFHTTPClient.m */; settings = {COMPILER_FLAGS = "-fno-objc-arc"; }; };
		6514670315AEBE6200B3DA74 /* AFHTTPRequestOperation.m in Sources */ = {isa = PBXBuildFile; fileRef = 651466F015AEBE6200B3DA74 /* AFHTTPRequestOperation.m */; settings = {COMPILER_FLAGS = "-fno-objc-arc"; }; };
		6514670415AEBE6200B3DA74 /* AFImageRequestOperation.m in Sources */ = {isa = PBXBuildFile; fileRef = 651466F215AEBE6200B3DA74 /* AFImageRequestOperation.m */; settings = {COMPILER_FLAGS = "-fno-objc-arc"; }; };
		6514670515AEBE6200B3DA74 /* AFJSONRequestOperation.m in Sources */ = {isa = PBXBuildFile; fileRef = 651466F415AEBE6200B3DA74 /* AFJSONRequestOperation.m */; settings = {COMPILER_FLAGS = "-fno-objc-arc"; }; };
		6514670615AEBE6200B3DA74 /* AFJSONUtilities.m in Sources */ = {isa = PBXBuildFile; fileRef = 651466F615AEBE6200B3DA74 /* AFJSONUtilities.m */; settings = {COMPILER_FLAGS = "-fno-objc-arc"; }; };
		6514670715AEBE6200B3DA74 /* AFNetworkActivityIndicatorManager.m in Sources */ = {isa = PBXBuildFile; fileRef = 651466F815AEBE6200B3DA74 /* AFNetworkActivityIndicatorManager.m */; settings = {COMPILER_FLAGS = "-fno-objc-arc"; }; };
		6514670815AEBE6200B3DA74 /* AFPropertyListRequestOperation.m in Sources */ = {isa = PBXBuildFile; fileRef = 651466FB15AEBE6200B3DA74 /* AFPropertyListRequestOperation.m */; settings = {COMPILER_FLAGS = "-fno-objc-arc"; }; };
		6514670915AEBE6200B3DA74 /* AFURLConnectionOperation.m in Sources */ = {isa = PBXBuildFile; fileRef = 651466FD15AEBE6200B3DA74 /* AFURLConnectionOperation.m */; settings = {COMPILER_FLAGS = "-fno-objc-arc"; }; };
		6514670A15AEBE6200B3DA74 /* AFXMLRequestOperation.m in Sources */ = {isa = PBXBuildFile; fileRef = 651466FF15AEBE6200B3DA74 /* AFXMLRequestOperation.m */; settings = {COMPILER_FLAGS = "-fno-objc-arc"; }; };
		6514670B15AEBE6200B3DA74 /* UIImageView+AFNetworking.m in Sources */ = {isa = PBXBuildFile; fileRef = 6514670115AEBE6200B3DA74 /* UIImageView+AFNetworking.m */; settings = {COMPILER_FLAGS = "-fno-objc-arc"; }; };
		6514672715AEBE6C00B3DA74 /* NSObject+SBJson.m in Sources */ = {isa = PBXBuildFile; fileRef = 6514670F15AEBE6C00B3DA74 /* NSObject+SBJson.m */; };
		6514672815AEBE6C00B3DA74 /* SBJsonParser.m in Sources */ = {isa = PBXBuildFile; fileRef = 6514671215AEBE6C00B3DA74 /* SBJsonParser.m */; };
		6514672915AEBE6C00B3DA74 /* SBJsonStreamParser.m in Sources */ = {isa = PBXBuildFile; fileRef = 6514671415AEBE6C00B3DA74 /* SBJsonStreamParser.m */; };
		6514672A15AEBE6C00B3DA74 /* SBJsonStreamParserAccumulator.m in Sources */ = {isa = PBXBuildFile; fileRef = 6514671615AEBE6C00B3DA74 /* SBJsonStreamParserAccumulator.m */; };
		6514672B15AEBE6C00B3DA74 /* SBJsonStreamParserAdapter.m in Sources */ = {isa = PBXBuildFile; fileRef = 6514671815AEBE6C00B3DA74 /* SBJsonStreamParserAdapter.m */; };
		6514672C15AEBE6C00B3DA74 /* SBJsonStreamParserState.m in Sources */ = {isa = PBXBuildFile; fileRef = 6514671A15AEBE6C00B3DA74 /* SBJsonStreamParserState.m */; };
		6514672D15AEBE6C00B3DA74 /* SBJsonStreamWriter.m in Sources */ = {isa = PBXBuildFile; fileRef = 6514671C15AEBE6C00B3DA74 /* SBJsonStreamWriter.m */; };
		6514672E15AEBE6C00B3DA74 /* SBJsonStreamWriterAccumulator.m in Sources */ = {isa = PBXBuildFile; fileRef = 6514671E15AEBE6C00B3DA74 /* SBJsonStreamWriterAccumulator.m */; };
		6514672F15AEBE6C00B3DA74 /* SBJsonStreamWriterState.m in Sources */ = {isa = PBXBuildFile; fileRef = 6514672015AEBE6C00B3DA74 /* SBJsonStreamWriterState.m */; };
		6514673015AEBE6C00B3DA74 /* SBJsonTokeniser.m in Sources */ = {isa = PBXBuildFile; fileRef = 6514672215AEBE6C00B3DA74 /* SBJsonTokeniser.m */; };
		6514673115AEBE6C00B3DA74 /* SBJsonUTF8Stream.m in Sources */ = {isa = PBXBuildFile; fileRef = 6514672415AEBE6C00B3DA74 /* SBJsonUTF8Stream.m */; };
		6514673215AEBE6C00B3DA74 /* SBJsonWriter.m in Sources */ = {isa = PBXBuildFile; fileRef = 6514672615AEBE6C00B3DA74 /* SBJsonWriter.m */; };
		6514674215AED1CE00B3DA74 /* ImgurUploader.m in Sources */ = {isa = PBXBuildFile; fileRef = 6514674115AED1CE00B3DA74 /* ImgurUploader.m */; settings = {COMPILER_FLAGS = "-fno-objc-arc"; }; };
		6514674F15AED9FA00B3DA74 /* NSData+Base64.m in Sources */ = {isa = PBXBuildFile; fileRef = 6514674A15AED98100B3DA74 /* NSData+Base64.m */; settings = {COMPILER_FLAGS = "-fno-objc-arc"; }; };
		6514675015AED9FA00B3DA74 /* NSString+URLEncoding.m in Sources */ = {isa = PBXBuildFile; fileRef = 6514674C15AED98400B3DA74 /* NSString+URLEncoding.m */; settings = {COMPILER_FLAGS = "-fno-objc-arc"; }; };
		6514675115AED9FA00B3DA74 /* NSString+URLEscape.m in Sources */ = {isa = PBXBuildFile; fileRef = 6514674E15AED98B00B3DA74 /* NSString+URLEscape.m */; settings = {COMPILER_FLAGS = "-fno-objc-arc"; }; };
		6514675415AEDAD500B3DA74 /* MBProgressHUD.m in Sources */ = {isa = PBXBuildFile; fileRef = 6514675315AEDAA100B3DA74 /* MBProgressHUD.m */; };
		6514675B15AEDD1B00B3DA74 /* 37x-Checkmark.png in Resources */ = {isa = PBXBuildFile; fileRef = 6514675915AEDD1B00B3DA74 /* 37x-Checkmark.png */; };
		6514675C15AEDD1B00B3DA74 /* 37x-Checkmark@2x.png in Resources */ = {isa = PBXBuildFile; fileRef = 6514675A15AEDD1B00B3DA74 /* 37x-Checkmark@2x.png */; };
		651467AD15AEF61D00B3DA74 /* blackArrow.png in Resources */ = {isa = PBXBuildFile; fileRef = 651467A715AEF61D00B3DA74 /* blackArrow.png */; };
		651467AE15AEF61D00B3DA74 /* blackArrow@2x.png in Resources */ = {isa = PBXBuildFile; fileRef = 651467A815AEF61D00B3DA74 /* blackArrow@2x.png */; };
		651467AF15AEF61D00B3DA74 /* blueArrow.png in Resources */ = {isa = PBXBuildFile; fileRef = 651467A915AEF61D00B3DA74 /* blueArrow.png */; };
		651467B015AEF61D00B3DA74 /* blueArrow@2x.png in Resources */ = {isa = PBXBuildFile; fileRef = 651467AA15AEF61D00B3DA74 /* blueArrow@2x.png */; };
		651467B115AEF61D00B3DA74 /* grayArrow.png in Resources */ = {isa = PBXBuildFile; fileRef = 651467AB15AEF61D00B3DA74 /* grayArrow.png */; };
		651467B215AEF61D00B3DA74 /* grayArrow@2x.png in Resources */ = {isa = PBXBuildFile; fileRef = 651467AC15AEF61D00B3DA74 /* grayArrow@2x.png */; };
		651467B315AEF63000B3DA74 /* EGORefreshTableHeaderView.m in Sources */ = {isa = PBXBuildFile; fileRef = 651467A615AEF5FA00B3DA74 /* EGORefreshTableHeaderView.m */; settings = {COMPILER_FLAGS = "-fno-objc-arc"; }; };
		651467B915AEF8A200B3DA74 /* QuartzCore.framework in Frameworks */ = {isa = PBXBuildFile; fileRef = 651467B815AEF8A200B3DA74 /* QuartzCore.framework */; };
		651467C715AF2A3F00B3DA74 /* AudioToolbox.framework in Frameworks */ = {isa = PBXBuildFile; fileRef = 651467C615AF2A3E00B3DA74 /* AudioToolbox.framework */; };
		651467C915AF2A7300B3DA74 /* AVFoundation.framework in Frameworks */ = {isa = PBXBuildFile; fileRef = 651467C815AF2A7200B3DA74 /* AVFoundation.framework */; };
		651467CA15AF2B9400B3DA74 /* SpeechKit.framework in Frameworks */ = {isa = PBXBuildFile; fileRef = 651467C015AF26DB00B3DA74 /* SpeechKit.framework */; };
/* End PBXBuildFile section */

/* Begin PBXFileReference section */
		6514651F15AE79FC00B3DA74 /* FourLeafClover.app */ = {isa = PBXFileReference; explicitFileType = wrapper.application; includeInIndex = 0; path = FourLeafClover.app; sourceTree = BUILT_PRODUCTS_DIR; };
		6514652315AE79FC00B3DA74 /* UIKit.framework */ = {isa = PBXFileReference; lastKnownFileType = wrapper.framework; name = UIKit.framework; path = System/Library/Frameworks/UIKit.framework; sourceTree = SDKROOT; };
		6514652515AE79FC00B3DA74 /* Foundation.framework */ = {isa = PBXFileReference; lastKnownFileType = wrapper.framework; name = Foundation.framework; path = System/Library/Frameworks/Foundation.framework; sourceTree = SDKROOT; };
		6514652715AE79FC00B3DA74 /* CoreGraphics.framework */ = {isa = PBXFileReference; lastKnownFileType = wrapper.framework; name = CoreGraphics.framework; path = System/Library/Frameworks/CoreGraphics.framework; sourceTree = SDKROOT; };
		6514652B15AE79FC00B3DA74 /* FourLeafClover-Info.plist */ = {isa = PBXFileReference; lastKnownFileType = text.plist.xml; path = "FourLeafClover-Info.plist"; sourceTree = "<group>"; };
		6514652D15AE79FC00B3DA74 /* en */ = {isa = PBXFileReference; lastKnownFileType = text.plist.strings; name = en; path = en.lproj/InfoPlist.strings; sourceTree = "<group>"; };
		6514652F15AE79FC00B3DA74 /* main.m */ = {isa = PBXFileReference; lastKnownFileType = sourcecode.c.objc; path = main.m; sourceTree = "<group>"; };
		6514653115AE79FC00B3DA74 /* FourLeafClover-Prefix.pch */ = {isa = PBXFileReference; lastKnownFileType = sourcecode.c.h; path = "FourLeafClover-Prefix.pch"; sourceTree = "<group>"; };
		6514653215AE79FC00B3DA74 /* FLCAppDelegate.h */ = {isa = PBXFileReference; lastKnownFileType = sourcecode.c.h; path = FLCAppDelegate.h; sourceTree = "<group>"; };
		6514653315AE79FC00B3DA74 /* FLCAppDelegate.m */ = {isa = PBXFileReference; lastKnownFileType = sourcecode.c.objc; path = FLCAppDelegate.m; sourceTree = "<group>"; };
		6514653615AE79FC00B3DA74 /* en */ = {isa = PBXFileReference; lastKnownFileType = file.storyboard; name = en; path = en.lproj/MainStoryboard.storyboard; sourceTree = "<group>"; };
		6514654515AE7ADD00B3DA74 /* FLCQuestionViewController.h */ = {isa = PBXFileReference; fileEncoding = 4; lastKnownFileType = sourcecode.c.h; path = FLCQuestionViewController.h; sourceTree = "<group>"; };
		6514654615AE7ADD00B3DA74 /* FLCQuestionViewController.m */ = {isa = PBXFileReference; fileEncoding = 4; lastKnownFileType = sourcecode.c.objc; path = FLCQuestionViewController.m; sourceTree = "<group>"; };
		6514655015AE820900B3DA74 /* FLCDetailViewController.h */ = {isa = PBXFileReference; fileEncoding = 4; lastKnownFileType = sourcecode.c.h; path = FLCDetailViewController.h; sourceTree = "<group>"; };
		6514655115AE820900B3DA74 /* FLCDetailViewController.m */ = {isa = PBXFileReference; fileEncoding = 4; lastKnownFileType = sourcecode.c.objc; path = FLCDetailViewController.m; sourceTree = "<group>"; };
		6514655415AE85AB00B3DA74 /* FLCQuestion.h */ = {isa = PBXFileReference; fileEncoding = 4; lastKnownFileType = sourcecode.c.h; path = FLCQuestion.h; sourceTree = "<group>"; };
		6514655515AE85AB00B3DA74 /* FLCQuestion.m */ = {isa = PBXFileReference; fileEncoding = 4; lastKnownFileType = sourcecode.c.objc; path = FLCQuestion.m; sourceTree = "<group>"; };
		6514655C15AE99F100B3DA74 /* camera.png */ = {isa = PBXFileReference; lastKnownFileType = image.png; path = camera.png; sourceTree = "<group>"; };
		6514655D15AE99F100B3DA74 /* pencilangled.png */ = {isa = PBXFileReference; lastKnownFileType = image.png; path = pencilangled.png; sourceTree = "<group>"; };
		6514655E15AE99F100B3DA74 /* speechmedia.png */ = {isa = PBXFileReference; lastKnownFileType = image.png; path = speechmedia.png; sourceTree = "<group>"; };
		6514656215AE9A3800B3DA74 /* camera@2x.png */ = {isa = PBXFileReference; lastKnownFileType = image.png; path = "camera@2x.png"; sourceTree = "<group>"; };
		6514656315AE9A3800B3DA74 /* pencilangled@2x.png */ = {isa = PBXFileReference; lastKnownFileType = image.png; path = "pencilangled@2x.png"; sourceTree = "<group>"; };
		6514656415AE9A3800B3DA74 /* speechmedia@2x.png */ = {isa = PBXFileReference; lastKnownFileType = image.png; path = "speechmedia@2x.png"; sourceTree = "<group>"; };
		651466BA15AEA68E00B3DA74 /* AirshipConfig.plist */ = {isa = PBXFileReference; lastKnownFileType = text.plist; path = AirshipConfig.plist; sourceTree = "<group>"; };
		651466C015AEA70F00B3DA74 /* CFNetwork.framework */ = {isa = PBXFileReference; lastKnownFileType = wrapper.framework; name = CFNetwork.framework; path = System/Library/Frameworks/CFNetwork.framework; sourceTree = SDKROOT; };
		651466C215AEA71B00B3DA74 /* MobileCoreServices.framework */ = {isa = PBXFileReference; lastKnownFileType = wrapper.framework; name = MobileCoreServices.framework; path = System/Library/Frameworks/MobileCoreServices.framework; sourceTree = SDKROOT; };
		651466C415AEA72200B3DA74 /* Security.framework */ = {isa = PBXFileReference; lastKnownFileType = wrapper.framework; name = Security.framework; path = System/Library/Frameworks/Security.framework; sourceTree = SDKROOT; };
		651466C615AEA72A00B3DA74 /* SystemConfiguration.framework */ = {isa = PBXFileReference; lastKnownFileType = wrapper.framework; name = SystemConfiguration.framework; path = System/Library/Frameworks/SystemConfiguration.framework; sourceTree = SDKROOT; };
		651466C815AEA73800B3DA74 /* libz.dylib */ = {isa = PBXFileReference; lastKnownFileType = "compiled.mach-o.dylib"; name = libz.dylib; path = usr/lib/libz.dylib; sourceTree = SDKROOT; };
		651466CA15AEA74200B3DA74 /* libsqlite3.dylib */ = {isa = PBXFileReference; lastKnownFileType = "compiled.mach-o.dylib"; name = libsqlite3.dylib; path = usr/lib/libsqlite3.dylib; sourceTree = SDKROOT; };
		651466CC15AEA74A00B3DA74 /* CoreTelephony.framework */ = {isa = PBXFileReference; lastKnownFileType = wrapper.framework; name = CoreTelephony.framework; path = System/Library/Frameworks/CoreTelephony.framework; sourceTree = SDKROOT; };
		651466CE15AEA74F00B3DA74 /* StoreKit.framework */ = {isa = PBXFileReference; lastKnownFileType = wrapper.framework; name = StoreKit.framework; path = System/Library/Frameworks/StoreKit.framework; sourceTree = SDKROOT; };
		651466D015AEA75700B3DA74 /* CoreLocation.framework */ = {isa = PBXFileReference; lastKnownFileType = wrapper.framework; name = CoreLocation.framework; path = System/Library/Frameworks/CoreLocation.framework; sourceTree = SDKROOT; };
		651466DA15AEAA8000B3DA74 /* libUAirship-1.2.2.a */ = {isa = PBXFileReference; lastKnownFileType = archive.ar; name = "libUAirship-1.2.2.a"; path = "Airship/libUAirship-1.2.2.a"; sourceTree = "<group>"; };
		651466DE15AEAC7400B3DA74 /* Default.png */ = {isa = PBXFileReference; lastKnownFileType = image.png; path = Default.png; sourceTree = "<group>"; };
		651466DF15AEAC7400B3DA74 /* Default@2x.png */ = {isa = PBXFileReference; lastKnownFileType = image.png; path = "Default@2x.png"; sourceTree = "<group>"; };
		651466E415AEACA700B3DA74 /* appicon@2x.png */ = {isa = PBXFileReference; lastKnownFileType = image.png; name = "appicon@2x.png"; path = "../appicon@2x.png"; sourceTree = "<group>"; };
		651466E615AEACBC00B3DA74 /* appicon.png */ = {isa = PBXFileReference; lastKnownFileType = image.png; name = appicon.png; path = ../appicon.png; sourceTree = "<group>"; };
		651466ED15AEBE6200B3DA74 /* AFHTTPClient.h */ = {isa = PBXFileReference; fileEncoding = 4; lastKnownFileType = sourcecode.c.h; path = AFHTTPClient.h; sourceTree = "<group>"; };
		651466EE15AEBE6200B3DA74 /* AFHTTPClient.m */ = {isa = PBXFileReference; fileEncoding = 4; lastKnownFileType = sourcecode.c.objc; path = AFHTTPClient.m; sourceTree = "<group>"; };
		651466EF15AEBE6200B3DA74 /* AFHTTPRequestOperation.h */ = {isa = PBXFileReference; fileEncoding = 4; lastKnownFileType = sourcecode.c.h; path = AFHTTPRequestOperation.h; sourceTree = "<group>"; };
		651466F015AEBE6200B3DA74 /* AFHTTPRequestOperation.m */ = {isa = PBXFileReference; fileEncoding = 4; lastKnownFileType = sourcecode.c.objc; path = AFHTTPRequestOperation.m; sourceTree = "<group>"; };
		651466F115AEBE6200B3DA74 /* AFImageRequestOperation.h */ = {isa = PBXFileReference; fileEncoding = 4; lastKnownFileType = sourcecode.c.h; path = AFImageRequestOperation.h; sourceTree = "<group>"; };
		651466F215AEBE6200B3DA74 /* AFImageRequestOperation.m */ = {isa = PBXFileReference; fileEncoding = 4; lastKnownFileType = sourcecode.c.objc; path = AFImageRequestOperation.m; sourceTree = "<group>"; };
		651466F315AEBE6200B3DA74 /* AFJSONRequestOperation.h */ = {isa = PBXFileReference; fileEncoding = 4; lastKnownFileType = sourcecode.c.h; path = AFJSONRequestOperation.h; sourceTree = "<group>"; };
		651466F415AEBE6200B3DA74 /* AFJSONRequestOperation.m */ = {isa = PBXFileReference; fileEncoding = 4; lastKnownFileType = sourcecode.c.objc; path = AFJSONRequestOperation.m; sourceTree = "<group>"; };
		651466F515AEBE6200B3DA74 /* AFJSONUtilities.h */ = {isa = PBXFileReference; fileEncoding = 4; lastKnownFileType = sourcecode.c.h; path = AFJSONUtilities.h; sourceTree = "<group>"; };
		651466F615AEBE6200B3DA74 /* AFJSONUtilities.m */ = {isa = PBXFileReference; fileEncoding = 4; lastKnownFileType = sourcecode.c.objc; path = AFJSONUtilities.m; sourceTree = "<group>"; };
		651466F715AEBE6200B3DA74 /* AFNetworkActivityIndicatorManager.h */ = {isa = PBXFileReference; fileEncoding = 4; lastKnownFileType = sourcecode.c.h; path = AFNetworkActivityIndicatorManager.h; sourceTree = "<group>"; };
		651466F815AEBE6200B3DA74 /* AFNetworkActivityIndicatorManager.m */ = {isa = PBXFileReference; fileEncoding = 4; lastKnownFileType = sourcecode.c.objc; path = AFNetworkActivityIndicatorManager.m; sourceTree = "<group>"; };
		651466F915AEBE6200B3DA74 /* AFNetworking.h */ = {isa = PBXFileReference; fileEncoding = 4; lastKnownFileType = sourcecode.c.h; path = AFNetworking.h; sourceTree = "<group>"; };
		651466FA15AEBE6200B3DA74 /* AFPropertyListRequestOperation.h */ = {isa = PBXFileReference; fileEncoding = 4; lastKnownFileType = sourcecode.c.h; path = AFPropertyListRequestOperation.h; sourceTree = "<group>"; };
		651466FB15AEBE6200B3DA74 /* AFPropertyListRequestOperation.m */ = {isa = PBXFileReference; fileEncoding = 4; lastKnownFileType = sourcecode.c.objc; path = AFPropertyListRequestOperation.m; sourceTree = "<group>"; };
		651466FC15AEBE6200B3DA74 /* AFURLConnectionOperation.h */ = {isa = PBXFileReference; fileEncoding = 4; lastKnownFileType = sourcecode.c.h; path = AFURLConnectionOperation.h; sourceTree = "<group>"; };
		651466FD15AEBE6200B3DA74 /* AFURLConnectionOperation.m */ = {isa = PBXFileReference; fileEncoding = 4; lastKnownFileType = sourcecode.c.objc; path = AFURLConnectionOperation.m; sourceTree = "<group>"; };
		651466FE15AEBE6200B3DA74 /* AFXMLRequestOperation.h */ = {isa = PBXFileReference; fileEncoding = 4; lastKnownFileType = sourcecode.c.h; path = AFXMLRequestOperation.h; sourceTree = "<group>"; };
		651466FF15AEBE6200B3DA74 /* AFXMLRequestOperation.m */ = {isa = PBXFileReference; fileEncoding = 4; lastKnownFileType = sourcecode.c.objc; path = AFXMLRequestOperation.m; sourceTree = "<group>"; };
		6514670015AEBE6200B3DA74 /* UIImageView+AFNetworking.h */ = {isa = PBXFileReference; fileEncoding = 4; lastKnownFileType = sourcecode.c.h; path = "UIImageView+AFNetworking.h"; sourceTree = "<group>"; };
		6514670115AEBE6200B3DA74 /* UIImageView+AFNetworking.m */ = {isa = PBXFileReference; fileEncoding = 4; lastKnownFileType = sourcecode.c.objc; path = "UIImageView+AFNetworking.m"; sourceTree = "<group>"; };
		6514670E15AEBE6C00B3DA74 /* NSObject+SBJson.h */ = {isa = PBXFileReference; fileEncoding = 4; lastKnownFileType = sourcecode.c.h; path = "NSObject+SBJson.h"; sourceTree = "<group>"; };
		6514670F15AEBE6C00B3DA74 /* NSObject+SBJson.m */ = {isa = PBXFileReference; fileEncoding = 4; lastKnownFileType = sourcecode.c.objc; path = "NSObject+SBJson.m"; sourceTree = "<group>"; };
		6514671015AEBE6C00B3DA74 /* SBJson.h */ = {isa = PBXFileReference; fileEncoding = 4; lastKnownFileType = sourcecode.c.h; path = SBJson.h; sourceTree = "<group>"; };
		6514671115AEBE6C00B3DA74 /* SBJsonParser.h */ = {isa = PBXFileReference; fileEncoding = 4; lastKnownFileType = sourcecode.c.h; path = SBJsonParser.h; sourceTree = "<group>"; };
		6514671215AEBE6C00B3DA74 /* SBJsonParser.m */ = {isa = PBXFileReference; fileEncoding = 4; lastKnownFileType = sourcecode.c.objc; path = SBJsonParser.m; sourceTree = "<group>"; };
		6514671315AEBE6C00B3DA74 /* SBJsonStreamParser.h */ = {isa = PBXFileReference; fileEncoding = 4; lastKnownFileType = sourcecode.c.h; path = SBJsonStreamParser.h; sourceTree = "<group>"; };
		6514671415AEBE6C00B3DA74 /* SBJsonStreamParser.m */ = {isa = PBXFileReference; fileEncoding = 4; lastKnownFileType = sourcecode.c.objc; path = SBJsonStreamParser.m; sourceTree = "<group>"; };
		6514671515AEBE6C00B3DA74 /* SBJsonStreamParserAccumulator.h */ = {isa = PBXFileReference; fileEncoding = 4; lastKnownFileType = sourcecode.c.h; path = SBJsonStreamParserAccumulator.h; sourceTree = "<group>"; };
		6514671615AEBE6C00B3DA74 /* SBJsonStreamParserAccumulator.m */ = {isa = PBXFileReference; fileEncoding = 4; lastKnownFileType = sourcecode.c.objc; path = SBJsonStreamParserAccumulator.m; sourceTree = "<group>"; };
		6514671715AEBE6C00B3DA74 /* SBJsonStreamParserAdapter.h */ = {isa = PBXFileReference; fileEncoding = 4; lastKnownFileType = sourcecode.c.h; path = SBJsonStreamParserAdapter.h; sourceTree = "<group>"; };
		6514671815AEBE6C00B3DA74 /* SBJsonStreamParserAdapter.m */ = {isa = PBXFileReference; fileEncoding = 4; lastKnownFileType = sourcecode.c.objc; path = SBJsonStreamParserAdapter.m; sourceTree = "<group>"; };
		6514671915AEBE6C00B3DA74 /* SBJsonStreamParserState.h */ = {isa = PBXFileReference; fileEncoding = 4; lastKnownFileType = sourcecode.c.h; path = SBJsonStreamParserState.h; sourceTree = "<group>"; };
		6514671A15AEBE6C00B3DA74 /* SBJsonStreamParserState.m */ = {isa = PBXFileReference; fileEncoding = 4; lastKnownFileType = sourcecode.c.objc; path = SBJsonStreamParserState.m; sourceTree = "<group>"; };
		6514671B15AEBE6C00B3DA74 /* SBJsonStreamWriter.h */ = {isa = PBXFileReference; fileEncoding = 4; lastKnownFileType = sourcecode.c.h; path = SBJsonStreamWriter.h; sourceTree = "<group>"; };
		6514671C15AEBE6C00B3DA74 /* SBJsonStreamWriter.m */ = {isa = PBXFileReference; fileEncoding = 4; lastKnownFileType = sourcecode.c.objc; path = SBJsonStreamWriter.m; sourceTree = "<group>"; };
		6514671D15AEBE6C00B3DA74 /* SBJsonStreamWriterAccumulator.h */ = {isa = PBXFileReference; fileEncoding = 4; lastKnownFileType = sourcecode.c.h; path = SBJsonStreamWriterAccumulator.h; sourceTree = "<group>"; };
		6514671E15AEBE6C00B3DA74 /* SBJsonStreamWriterAccumulator.m */ = {isa = PBXFileReference; fileEncoding = 4; lastKnownFileType = sourcecode.c.objc; path = SBJsonStreamWriterAccumulator.m; sourceTree = "<group>"; };
		6514671F15AEBE6C00B3DA74 /* SBJsonStreamWriterState.h */ = {isa = PBXFileReference; fileEncoding = 4; lastKnownFileType = sourcecode.c.h; path = SBJsonStreamWriterState.h; sourceTree = "<group>"; };
		6514672015AEBE6C00B3DA74 /* SBJsonStreamWriterState.m */ = {isa = PBXFileReference; fileEncoding = 4; lastKnownFileType = sourcecode.c.objc; path = SBJsonStreamWriterState.m; sourceTree = "<group>"; };
		6514672115AEBE6C00B3DA74 /* SBJsonTokeniser.h */ = {isa = PBXFileReference; fileEncoding = 4; lastKnownFileType = sourcecode.c.h; path = SBJsonTokeniser.h; sourceTree = "<group>"; };
		6514672215AEBE6C00B3DA74 /* SBJsonTokeniser.m */ = {isa = PBXFileReference; fileEncoding = 4; lastKnownFileType = sourcecode.c.objc; path = SBJsonTokeniser.m; sourceTree = "<group>"; };
		6514672315AEBE6C00B3DA74 /* SBJsonUTF8Stream.h */ = {isa = PBXFileReference; fileEncoding = 4; lastKnownFileType = sourcecode.c.h; path = SBJsonUTF8Stream.h; sourceTree = "<group>"; };
		6514672415AEBE6C00B3DA74 /* SBJsonUTF8Stream.m */ = {isa = PBXFileReference; fileEncoding = 4; lastKnownFileType = sourcecode.c.objc; path = SBJsonUTF8Stream.m; sourceTree = "<group>"; };
		6514672515AEBE6C00B3DA74 /* SBJsonWriter.h */ = {isa = PBXFileReference; fileEncoding = 4; lastKnownFileType = sourcecode.c.h; path = SBJsonWriter.h; sourceTree = "<group>"; };
		6514672615AEBE6C00B3DA74 /* SBJsonWriter.m */ = {isa = PBXFileReference; fileEncoding = 4; lastKnownFileType = sourcecode.c.objc; path = SBJsonWriter.m; sourceTree = "<group>"; };
		6514674015AED1CE00B3DA74 /* ImgurUploader.h */ = {isa = PBXFileReference; fileEncoding = 4; lastKnownFileType = sourcecode.c.h; path = ImgurUploader.h; sourceTree = "<group>"; };
		6514674115AED1CE00B3DA74 /* ImgurUploader.m */ = {isa = PBXFileReference; fileEncoding = 4; lastKnownFileType = sourcecode.c.objc; path = ImgurUploader.m; sourceTree = "<group>"; };
		6514674915AED98000B3DA74 /* NSData+Base64.h */ = {isa = PBXFileReference; lastKnownFileType = sourcecode.c.h; path = "NSData+Base64.h"; sourceTree = "<group>"; };
		6514674A15AED98100B3DA74 /* NSData+Base64.m */ = {isa = PBXFileReference; lastKnownFileType = sourcecode.c.objc; path = "NSData+Base64.m"; sourceTree = "<group>"; };
		6514674B15AED98200B3DA74 /* NSString+URLEncoding.h */ = {isa = PBXFileReference; lastKnownFileType = sourcecode.c.h; path = "NSString+URLEncoding.h"; sourceTree = "<group>"; };
		6514674C15AED98400B3DA74 /* NSString+URLEncoding.m */ = {isa = PBXFileReference; lastKnownFileType = sourcecode.c.objc; path = "NSString+URLEncoding.m"; sourceTree = "<group>"; };
		6514674D15AED98700B3DA74 /* NSString+URLEscape.h */ = {isa = PBXFileReference; lastKnownFileType = sourcecode.c.h; path = "NSString+URLEscape.h"; sourceTree = "<group>"; };
		6514674E15AED98B00B3DA74 /* NSString+URLEscape.m */ = {isa = PBXFileReference; lastKnownFileType = sourcecode.c.objc; path = "NSString+URLEscape.m"; sourceTree = "<group>"; };
		6514675215AEDAA000B3DA74 /* MBProgressHUD.h */ = {isa = PBXFileReference; lastKnownFileType = sourcecode.c.h; path = MBProgressHUD.h; sourceTree = "<group>"; };
		6514675315AEDAA100B3DA74 /* MBProgressHUD.m */ = {isa = PBXFileReference; lastKnownFileType = sourcecode.c.objc; path = MBProgressHUD.m; sourceTree = "<group>"; };
		6514675915AEDD1B00B3DA74 /* 37x-Checkmark.png */ = {isa = PBXFileReference; lastKnownFileType = image.png; path = "37x-Checkmark.png"; sourceTree = "<group>"; };
		6514675A15AEDD1B00B3DA74 /* 37x-Checkmark@2x.png */ = {isa = PBXFileReference; lastKnownFileType = image.png; path = "37x-Checkmark@2x.png"; sourceTree = "<group>"; };
		651467A515AEF5F900B3DA74 /* EGORefreshTableHeaderView.h */ = {isa = PBXFileReference; lastKnownFileType = sourcecode.c.h; path = EGORefreshTableHeaderView.h; sourceTree = "<group>"; };
		651467A615AEF5FA00B3DA74 /* EGORefreshTableHeaderView.m */ = {isa = PBXFileReference; lastKnownFileType = sourcecode.c.objc; path = EGORefreshTableHeaderView.m; sourceTree = "<group>"; };
		651467A715AEF61D00B3DA74 /* blackArrow.png */ = {isa = PBXFileReference; lastKnownFileType = image.png; path = blackArrow.png; sourceTree = "<group>"; };
		651467A815AEF61D00B3DA74 /* blackArrow@2x.png */ = {isa = PBXFileReference; lastKnownFileType = image.png; path = "blackArrow@2x.png"; sourceTree = "<group>"; };
		651467A915AEF61D00B3DA74 /* blueArrow.png */ = {isa = PBXFileReference; lastKnownFileType = image.png; path = blueArrow.png; sourceTree = "<group>"; };
		651467AA15AEF61D00B3DA74 /* blueArrow@2x.png */ = {isa = PBXFileReference; lastKnownFileType = image.png; path = "blueArrow@2x.png"; sourceTree = "<group>"; };
		651467AB15AEF61D00B3DA74 /* grayArrow.png */ = {isa = PBXFileReference; lastKnownFileType = image.png; path = grayArrow.png; sourceTree = "<group>"; };
		651467AC15AEF61D00B3DA74 /* grayArrow@2x.png */ = {isa = PBXFileReference; lastKnownFileType = image.png; path = "grayArrow@2x.png"; sourceTree = "<group>"; };
		651467B815AEF8A200B3DA74 /* QuartzCore.framework */ = {isa = PBXFileReference; lastKnownFileType = wrapper.framework; name = QuartzCore.framework; path = System/Library/Frameworks/QuartzCore.framework; sourceTree = SDKROOT; };
		651467C015AF26DB00B3DA74 /* SpeechKit.framework */ = {isa = PBXFileReference; lastKnownFileType = wrapper.framework; path = SpeechKit.framework; sourceTree = "<group>"; };
		651467C615AF2A3E00B3DA74 /* AudioToolbox.framework */ = {isa = PBXFileReference; lastKnownFileType = wrapper.framework; name = AudioToolbox.framework; path = System/Library/Frameworks/AudioToolbox.framework; sourceTree = SDKROOT; };
		651467C815AF2A7200B3DA74 /* AVFoundation.framework */ = {isa = PBXFileReference; lastKnownFileType = wrapper.framework; name = AVFoundation.framework; path = System/Library/Frameworks/AVFoundation.framework; sourceTree = SDKROOT; };
/* End PBXFileReference section */

/* Begin PBXFrameworksBuildPhase section */
		6514651C15AE79FC00B3DA74 /* Frameworks */ = {
			isa = PBXFrameworksBuildPhase;
			buildActionMask = 2147483647;
			files = (
				651467CA15AF2B9400B3DA74 /* SpeechKit.framework in Frameworks */,
				651467C915AF2A7300B3DA74 /* AVFoundation.framework in Frameworks */,
				651467C715AF2A3F00B3DA74 /* AudioToolbox.framework in Frameworks */,
				651467B915AEF8A200B3DA74 /* QuartzCore.framework in Frameworks */,
				651466DB15AEAA8000B3DA74 /* libUAirship-1.2.2.a in Frameworks */,
				651466D115AEA75700B3DA74 /* CoreLocation.framework in Frameworks */,
				651466CF15AEA75000B3DA74 /* StoreKit.framework in Frameworks */,
				651466CD15AEA74A00B3DA74 /* CoreTelephony.framework in Frameworks */,
				651466CB15AEA74200B3DA74 /* libsqlite3.dylib in Frameworks */,
				651466C915AEA73800B3DA74 /* libz.dylib in Frameworks */,
				6514652415AE79FC00B3DA74 /* UIKit.framework in Frameworks */,
				651466C715AEA72A00B3DA74 /* SystemConfiguration.framework in Frameworks */,
				651466C515AEA72200B3DA74 /* Security.framework in Frameworks */,
				651466C315AEA71B00B3DA74 /* MobileCoreServices.framework in Frameworks */,
				651466C115AEA70F00B3DA74 /* CFNetwork.framework in Frameworks */,
				6514652615AE79FC00B3DA74 /* Foundation.framework in Frameworks */,
				6514652815AE79FC00B3DA74 /* CoreGraphics.framework in Frameworks */,
			);
			runOnlyForDeploymentPostprocessing = 0;
		};
/* End PBXFrameworksBuildPhase section */

/* Begin PBXGroup section */
		6514651415AE79FC00B3DA74 = {
			isa = PBXGroup;
			children = (
				6514652915AE79FC00B3DA74 /* FourLeafClover */,
				6514655B15AE99C200B3DA74 /* Assets */,
				6514652215AE79FC00B3DA74 /* Frameworks */,
				6514652015AE79FC00B3DA74 /* Products */,
			);
			sourceTree = "<group>";
		};
		6514652015AE79FC00B3DA74 /* Products */ = {
			isa = PBXGroup;
			children = (
				6514651F15AE79FC00B3DA74 /* FourLeafClover.app */,
			);
			name = Products;
			sourceTree = "<group>";
		};
		6514652215AE79FC00B3DA74 /* Frameworks */ = {
			isa = PBXGroup;
			children = (
				651467C815AF2A7200B3DA74 /* AVFoundation.framework */,
				651467C615AF2A3E00B3DA74 /* AudioToolbox.framework */,
				651467B815AEF8A200B3DA74 /* QuartzCore.framework */,
				651467C015AF26DB00B3DA74 /* SpeechKit.framework */,
				651466DA15AEAA8000B3DA74 /* libUAirship-1.2.2.a */,
				651466D015AEA75700B3DA74 /* CoreLocation.framework */,
				651466CE15AEA74F00B3DA74 /* StoreKit.framework */,
				651466CC15AEA74A00B3DA74 /* CoreTelephony.framework */,
				651466CA15AEA74200B3DA74 /* libsqlite3.dylib */,
				651466C815AEA73800B3DA74 /* libz.dylib */,
				651466C615AEA72A00B3DA74 /* SystemConfiguration.framework */,
				651466C415AEA72200B3DA74 /* Security.framework */,
				651466C215AEA71B00B3DA74 /* MobileCoreServices.framework */,
				651466C015AEA70F00B3DA74 /* CFNetwork.framework */,
				6514652315AE79FC00B3DA74 /* UIKit.framework */,
				6514652515AE79FC00B3DA74 /* Foundation.framework */,
				6514652715AE79FC00B3DA74 /* CoreGraphics.framework */,
			);
			name = Frameworks;
			sourceTree = "<group>";
		};
		6514652915AE79FC00B3DA74 /* FourLeafClover */ = {
			isa = PBXGroup;
			children = (
				6514653215AE79FC00B3DA74 /* FLCAppDelegate.h */,
				6514653315AE79FC00B3DA74 /* FLCAppDelegate.m */,
				6514653515AE79FC00B3DA74 /* MainStoryboard.storyboard */,
				6514654515AE7ADD00B3DA74 /* FLCQuestionViewController.h */,
				6514654615AE7ADD00B3DA74 /* FLCQuestionViewController.m */,
				6514655015AE820900B3DA74 /* FLCDetailViewController.h */,
				6514655115AE820900B3DA74 /* FLCDetailViewController.m */,
				6514655315AE857900B3DA74 /* Model */,
				6514652A15AE79FC00B3DA74 /* Supporting Files */,
			);
			path = FourLeafClover;
			sourceTree = "<group>";
		};
		6514652A15AE79FC00B3DA74 /* Supporting Files */ = {
			isa = PBXGroup;
			children = (
				651467A515AEF5F900B3DA74 /* EGORefreshTableHeaderView.h */,
				651467A615AEF5FA00B3DA74 /* EGORefreshTableHeaderView.m */,
				6514675215AEDAA000B3DA74 /* MBProgressHUD.h */,
				6514675315AEDAA100B3DA74 /* MBProgressHUD.m */,
				6514674915AED98000B3DA74 /* NSData+Base64.h */,
				6514674A15AED98100B3DA74 /* NSData+Base64.m */,
				6514674B15AED98200B3DA74 /* NSString+URLEncoding.h */,
				6514674C15AED98400B3DA74 /* NSString+URLEncoding.m */,
				6514674D15AED98700B3DA74 /* NSString+URLEscape.h */,
				6514674E15AED98B00B3DA74 /* NSString+URLEscape.m */,
				6514674015AED1CE00B3DA74 /* ImgurUploader.h */,
				6514674115AED1CE00B3DA74 /* ImgurUploader.m */,
				6514670D15AEBE6C00B3DA74 /* SBJson */,
				651466EC15AEBE6200B3DA74 /* AFNetworking */,
				651466BA15AEA68E00B3DA74 /* AirshipConfig.plist */,
				6514652B15AE79FC00B3DA74 /* FourLeafClover-Info.plist */,
				6514652C15AE79FC00B3DA74 /* InfoPlist.strings */,
				6514652F15AE79FC00B3DA74 /* main.m */,
				6514653115AE79FC00B3DA74 /* FourLeafClover-Prefix.pch */,
			);
			name = "Supporting Files";
			sourceTree = "<group>";
		};
		6514655315AE857900B3DA74 /* Model */ = {
			isa = PBXGroup;
			children = (
				6514655415AE85AB00B3DA74 /* FLCQuestion.h */,
				6514655515AE85AB00B3DA74 /* FLCQuestion.m */,
			);
			name = Model;
			sourceTree = "<group>";
		};
		6514655B15AE99C200B3DA74 /* Assets */ = {
			isa = PBXGroup;
			children = (
				651467A715AEF61D00B3DA74 /* blackArrow.png */,
				651467A815AEF61D00B3DA74 /* blackArrow@2x.png */,
				651467A915AEF61D00B3DA74 /* blueArrow.png */,
				651467AA15AEF61D00B3DA74 /* blueArrow@2x.png */,
				651467AB15AEF61D00B3DA74 /* grayArrow.png */,
				651467AC15AEF61D00B3DA74 /* grayArrow@2x.png */,
				6514675915AEDD1B00B3DA74 /* 37x-Checkmark.png */,
				6514675A15AEDD1B00B3DA74 /* 37x-Checkmark@2x.png */,
				651466E615AEACBC00B3DA74 /* appicon.png */,
				651466E415AEACA700B3DA74 /* appicon@2x.png */,
				651466DE15AEAC7400B3DA74 /* Default.png */,
				651466DF15AEAC7400B3DA74 /* Default@2x.png */,
				6514655C15AE99F100B3DA74 /* camera.png */,
				6514655D15AE99F100B3DA74 /* pencilangled.png */,
				6514655E15AE99F100B3DA74 /* speechmedia.png */,
				6514656215AE9A3800B3DA74 /* camera@2x.png */,
				6514656315AE9A3800B3DA74 /* pencilangled@2x.png */,
				6514656415AE9A3800B3DA74 /* speechmedia@2x.png */,
			);
			name = Assets;
			path = FourLeafClover;
			sourceTree = "<group>";
		};
		651466EC15AEBE6200B3DA74 /* AFNetworking */ = {
			isa = PBXGroup;
			children = (
				651466ED15AEBE6200B3DA74 /* AFHTTPClient.h */,
				651466EE15AEBE6200B3DA74 /* AFHTTPClient.m */,
				651466EF15AEBE6200B3DA74 /* AFHTTPRequestOperation.h */,
				651466F015AEBE6200B3DA74 /* AFHTTPRequestOperation.m */,
				651466F115AEBE6200B3DA74 /* AFImageRequestOperation.h */,
				651466F215AEBE6200B3DA74 /* AFImageRequestOperation.m */,
				651466F315AEBE6200B3DA74 /* AFJSONRequestOperation.h */,
				651466F415AEBE6200B3DA74 /* AFJSONRequestOperation.m */,
				651466F515AEBE6200B3DA74 /* AFJSONUtilities.h */,
				651466F615AEBE6200B3DA74 /* AFJSONUtilities.m */,
				651466F715AEBE6200B3DA74 /* AFNetworkActivityIndicatorManager.h */,
				651466F815AEBE6200B3DA74 /* AFNetworkActivityIndicatorManager.m */,
				651466F915AEBE6200B3DA74 /* AFNetworking.h */,
				651466FA15AEBE6200B3DA74 /* AFPropertyListRequestOperation.h */,
				651466FB15AEBE6200B3DA74 /* AFPropertyListRequestOperation.m */,
				651466FC15AEBE6200B3DA74 /* AFURLConnectionOperation.h */,
				651466FD15AEBE6200B3DA74 /* AFURLConnectionOperation.m */,
				651466FE15AEBE6200B3DA74 /* AFXMLRequestOperation.h */,
				651466FF15AEBE6200B3DA74 /* AFXMLRequestOperation.m */,
				6514670015AEBE6200B3DA74 /* UIImageView+AFNetworking.h */,
				6514670115AEBE6200B3DA74 /* UIImageView+AFNetworking.m */,
			);
			path = AFNetworking;
			sourceTree = SOURCE_ROOT;
		};
		6514670D15AEBE6C00B3DA74 /* SBJson */ = {
			isa = PBXGroup;
			children = (
				6514670E15AEBE6C00B3DA74 /* NSObject+SBJson.h */,
				6514670F15AEBE6C00B3DA74 /* NSObject+SBJson.m */,
				6514671015AEBE6C00B3DA74 /* SBJson.h */,
				6514671115AEBE6C00B3DA74 /* SBJsonParser.h */,
				6514671215AEBE6C00B3DA74 /* SBJsonParser.m */,
				6514671315AEBE6C00B3DA74 /* SBJsonStreamParser.h */,
				6514671415AEBE6C00B3DA74 /* SBJsonStreamParser.m */,
				6514671515AEBE6C00B3DA74 /* SBJsonStreamParserAccumulator.h */,
				6514671615AEBE6C00B3DA74 /* SBJsonStreamParserAccumulator.m */,
				6514671715AEBE6C00B3DA74 /* SBJsonStreamParserAdapter.h */,
				6514671815AEBE6C00B3DA74 /* SBJsonStreamParserAdapter.m */,
				6514671915AEBE6C00B3DA74 /* SBJsonStreamParserState.h */,
				6514671A15AEBE6C00B3DA74 /* SBJsonStreamParserState.m */,
				6514671B15AEBE6C00B3DA74 /* SBJsonStreamWriter.h */,
				6514671C15AEBE6C00B3DA74 /* SBJsonStreamWriter.m */,
				6514671D15AEBE6C00B3DA74 /* SBJsonStreamWriterAccumulator.h */,
				6514671E15AEBE6C00B3DA74 /* SBJsonStreamWriterAccumulator.m */,
				6514671F15AEBE6C00B3DA74 /* SBJsonStreamWriterState.h */,
				6514672015AEBE6C00B3DA74 /* SBJsonStreamWriterState.m */,
				6514672115AEBE6C00B3DA74 /* SBJsonTokeniser.h */,
				6514672215AEBE6C00B3DA74 /* SBJsonTokeniser.m */,
				6514672315AEBE6C00B3DA74 /* SBJsonUTF8Stream.h */,
				6514672415AEBE6C00B3DA74 /* SBJsonUTF8Stream.m */,
				6514672515AEBE6C00B3DA74 /* SBJsonWriter.h */,
				6514672615AEBE6C00B3DA74 /* SBJsonWriter.m */,
			);
			path = SBJson;
			sourceTree = SOURCE_ROOT;
		};
/* End PBXGroup section */

/* Begin PBXNativeTarget section */
		6514651E15AE79FC00B3DA74 /* FourLeafClover */ = {
			isa = PBXNativeTarget;
			buildConfigurationList = 6514653D15AE79FC00B3DA74 /* Build configuration list for PBXNativeTarget "FourLeafClover" */;
			buildPhases = (
				6514651B15AE79FC00B3DA74 /* Sources */,
				6514651C15AE79FC00B3DA74 /* Frameworks */,
				6514651D15AE79FC00B3DA74 /* Resources */,
			);
			buildRules = (
			);
			dependencies = (
			);
			name = FourLeafClover;
			productName = FourLeafClover;
			productReference = 6514651F15AE79FC00B3DA74 /* FourLeafClover.app */;
			productType = "com.apple.product-type.application";
		};
/* End PBXNativeTarget section */

/* Begin PBXProject section */
		6514651615AE79FC00B3DA74 /* Project object */ = {
			isa = PBXProject;
			attributes = {
				CLASSPREFIX = FLC;
				LastUpgradeCheck = 0450;
				ORGANIZATIONNAME = BazaarVoice;
			};
			buildConfigurationList = 6514651915AE79FC00B3DA74 /* Build configuration list for PBXProject "FourLeafClover" */;
			compatibilityVersion = "Xcode 3.2";
			developmentRegion = English;
			hasScannedForEncodings = 0;
			knownRegions = (
				en,
			);
			mainGroup = 6514651415AE79FC00B3DA74;
			productRefGroup = 6514652015AE79FC00B3DA74 /* Products */;
			projectDirPath = "";
			projectRoot = "";
			targets = (
				6514651E15AE79FC00B3DA74 /* FourLeafClover */,
			);
		};
/* End PBXProject section */

/* Begin PBXResourcesBuildPhase section */
		6514651D15AE79FC00B3DA74 /* Resources */ = {
			isa = PBXResourcesBuildPhase;
			buildActionMask = 2147483647;
			files = (
				6514652E15AE79FC00B3DA74 /* InfoPlist.strings in Resources */,
				6514653715AE79FC00B3DA74 /* MainStoryboard.storyboard in Resources */,
				6514655F15AE99F100B3DA74 /* camera.png in Resources */,
				6514656015AE99F100B3DA74 /* pencilangled.png in Resources */,
				6514656115AE99F100B3DA74 /* speechmedia.png in Resources */,
				6514656515AE9A3800B3DA74 /* camera@2x.png in Resources */,
				6514656615AE9A3800B3DA74 /* pencilangled@2x.png in Resources */,
				6514656715AE9A3800B3DA74 /* speechmedia@2x.png in Resources */,
				651466BB15AEA68E00B3DA74 /* AirshipConfig.plist in Resources */,
				651466E215AEAC7400B3DA74 /* Default.png in Resources */,
				651466E315AEAC7400B3DA74 /* Default@2x.png in Resources */,
				651466E515AEACA700B3DA74 /* appicon@2x.png in Resources */,
				651466E715AEACBC00B3DA74 /* appicon.png in Resources */,
				6514675B15AEDD1B00B3DA74 /* 37x-Checkmark.png in Resources */,
				6514675C15AEDD1B00B3DA74 /* 37x-Checkmark@2x.png in Resources */,
				651467AD15AEF61D00B3DA74 /* blackArrow.png in Resources */,
				651467AE15AEF61D00B3DA74 /* blackArrow@2x.png in Resources */,
				651467AF15AEF61D00B3DA74 /* blueArrow.png in Resources */,
				651467B015AEF61D00B3DA74 /* blueArrow@2x.png in Resources */,
				651467B115AEF61D00B3DA74 /* grayArrow.png in Resources */,
				651467B215AEF61D00B3DA74 /* grayArrow@2x.png in Resources */,
			);
			runOnlyForDeploymentPostprocessing = 0;
		};
/* End PBXResourcesBuildPhase section */

/* Begin PBXSourcesBuildPhase section */
		6514651B15AE79FC00B3DA74 /* Sources */ = {
			isa = PBXSourcesBuildPhase;
			buildActionMask = 2147483647;
			files = (
				651467B315AEF63000B3DA74 /* EGORefreshTableHeaderView.m in Sources */,
				6514675415AEDAD500B3DA74 /* MBProgressHUD.m in Sources */,
				6514674F15AED9FA00B3DA74 /* NSData+Base64.m in Sources */,
				6514675015AED9FA00B3DA74 /* NSString+URLEncoding.m in Sources */,
				6514675115AED9FA00B3DA74 /* NSString+URLEscape.m in Sources */,
				6514653015AE79FC00B3DA74 /* main.m in Sources */,
				6514653415AE79FC00B3DA74 /* FLCAppDelegate.m in Sources */,
				6514654715AE7ADD00B3DA74 /* FLCQuestionViewController.m in Sources */,
				6514655215AE820900B3DA74 /* FLCDetailViewController.m in Sources */,
				6514655615AE85AB00B3DA74 /* FLCQuestion.m in Sources */,
				6514670215AEBE6200B3DA74 /* AFHTTPClient.m in Sources */,
				6514670315AEBE6200B3DA74 /* AFHTTPRequestOperation.m in Sources */,
				6514670415AEBE6200B3DA74 /* AFImageRequestOperation.m in Sources */,
				6514670515AEBE6200B3DA74 /* AFJSONRequestOperation.m in Sources */,
				6514670615AEBE6200B3DA74 /* AFJSONUtilities.m in Sources */,
				6514670715AEBE6200B3DA74 /* AFNetworkActivityIndicatorManager.m in Sources */,
				6514670815AEBE6200B3DA74 /* AFPropertyListRequestOperation.m in Sources */,
				6514670915AEBE6200B3DA74 /* AFURLConnectionOperation.m in Sources */,
				6514670A15AEBE6200B3DA74 /* AFXMLRequestOperation.m in Sources */,
				6514670B15AEBE6200B3DA74 /* UIImageView+AFNetworking.m in Sources */,
				6514672715AEBE6C00B3DA74 /* NSObject+SBJson.m in Sources */,
				6514672815AEBE6C00B3DA74 /* SBJsonParser.m in Sources */,
				6514672915AEBE6C00B3DA74 /* SBJsonStreamParser.m in Sources */,
				6514672A15AEBE6C00B3DA74 /* SBJsonStreamParserAccumulator.m in Sources */,
				6514672B15AEBE6C00B3DA74 /* SBJsonStreamParserAdapter.m in Sources */,
				6514672C15AEBE6C00B3DA74 /* SBJsonStreamParserState.m in Sources */,
				6514672D15AEBE6C00B3DA74 /* SBJsonStreamWriter.m in Sources */,
				6514672E15AEBE6C00B3DA74 /* SBJsonStreamWriterAccumulator.m in Sources */,
				6514672F15AEBE6C00B3DA74 /* SBJsonStreamWriterState.m in Sources */,
				6514673015AEBE6C00B3DA74 /* SBJsonTokeniser.m in Sources */,
				6514673115AEBE6C00B3DA74 /* SBJsonUTF8Stream.m in Sources */,
				6514673215AEBE6C00B3DA74 /* SBJsonWriter.m in Sources */,
				6514674215AED1CE00B3DA74 /* ImgurUploader.m in Sources */,
			);
			runOnlyForDeploymentPostprocessing = 0;
		};
/* End PBXSourcesBuildPhase section */

/* Begin PBXVariantGroup section */
		6514652C15AE79FC00B3DA74 /* InfoPlist.strings */ = {
			isa = PBXVariantGroup;
			children = (
				6514652D15AE79FC00B3DA74 /* en */,
			);
			name = InfoPlist.strings;
			sourceTree = "<group>";
		};
		6514653515AE79FC00B3DA74 /* MainStoryboard.storyboard */ = {
			isa = PBXVariantGroup;
			children = (
				6514653615AE79FC00B3DA74 /* en */,
			);
			name = MainStoryboard.storyboard;
			sourceTree = "<group>";
		};
/* End PBXVariantGroup section */

/* Begin XCBuildConfiguration section */
		6514653B15AE79FC00B3DA74 /* Debug */ = {
			isa = XCBuildConfiguration;
			buildSettings = {
				ALWAYS_SEARCH_USER_PATHS = NO;
				CLANG_CXX_LANGUAGE_STANDARD = "gnu++0x";
				CLANG_ENABLE_OBJC_ARC = YES;
				CLANG_WARN__DUPLICATE_METHOD_MATCH = YES;
				"CODE_SIGN_IDENTITY[sdk=iphoneos*]" = "iPhone Developer";
				COPY_PHASE_STRIP = NO;
				GCC_C_LANGUAGE_STANDARD = gnu99;
				GCC_DYNAMIC_NO_PIC = NO;
				GCC_OPTIMIZATION_LEVEL = 0;
				GCC_PREPROCESSOR_DEFINITIONS = (
					"DEBUG=1",
					"$(inherited)",
				);
				GCC_SYMBOLS_PRIVATE_EXTERN = NO;
				GCC_WARN_ABOUT_RETURN_TYPE = YES;
				GCC_WARN_UNINITIALIZED_AUTOS = YES;
				GCC_WARN_UNUSED_VARIABLE = YES;
				IPHONEOS_DEPLOYMENT_TARGET = 6.0;
				SDKROOT = iphoneos;
			};
			name = Debug;
		};
		6514653C15AE79FC00B3DA74 /* Release */ = {
			isa = XCBuildConfiguration;
			buildSettings = {
				ALWAYS_SEARCH_USER_PATHS = NO;
				CLANG_CXX_LANGUAGE_STANDARD = "gnu++0x";
				CLANG_ENABLE_OBJC_ARC = YES;
				CLANG_WARN__DUPLICATE_METHOD_MATCH = YES;
				"CODE_SIGN_IDENTITY[sdk=iphoneos*]" = "iPhone Developer";
				COPY_PHASE_STRIP = YES;
				GCC_C_LANGUAGE_STANDARD = gnu99;
				GCC_WARN_ABOUT_RETURN_TYPE = YES;
				GCC_WARN_UNINITIALIZED_AUTOS = YES;
				GCC_WARN_UNUSED_VARIABLE = YES;
				IPHONEOS_DEPLOYMENT_TARGET = 6.0;
				OTHER_CFLAGS = "-DNS_BLOCK_ASSERTIONS=1";
				SDKROOT = iphoneos;
				VALIDATE_PRODUCT = YES;
			};
			name = Release;
		};
		6514653E15AE79FC00B3DA74 /* Debug */ = {
			isa = XCBuildConfiguration;
			buildSettings = {
				FRAMEWORK_SEARCH_PATHS = (
					"$(inherited)",
					"\"$(SRCROOT)/../../../../Downloads/DragonMobileSDK_1.4.0/DragonMobileSDK_1.4.0/DragonMobileRecognizer\"",
					"\"$(SRCROOT)\"",
				);
				GCC_PRECOMPILE_PREFIX_HEADER = YES;
				GCC_PREFIX_HEADER = "FourLeafClover/FourLeafClover-Prefix.pch";
				HEADER_SEARCH_PATHS = "./Airship/**";
				INFOPLIST_FILE = "FourLeafClover/FourLeafClover-Info.plist";
				IPHONEOS_DEPLOYMENT_TARGET = 5.0;
				LIBRARY_SEARCH_PATHS = (
					"$(inherited)",
					"\"$(SRCROOT)/Airship\"",
				);
				PRODUCT_NAME = FourLeafClover;
				WRAPPER_EXTENSION = app;
			};
			name = Debug;
		};
		6514653F15AE79FC00B3DA74 /* Release */ = {
			isa = XCBuildConfiguration;
			buildSettings = {
				FRAMEWORK_SEARCH_PATHS = (
					"$(inherited)",
					"\"$(SRCROOT)/../../../../Downloads/DragonMobileSDK_1.4.0/DragonMobileSDK_1.4.0/DragonMobileRecognizer\"",
					"\"$(SRCROOT)\"",
				);
				GCC_PRECOMPILE_PREFIX_HEADER = YES;
				GCC_PREFIX_HEADER = "FourLeafClover/FourLeafClover-Prefix.pch";
				HEADER_SEARCH_PATHS = "./Airship/**";
				INFOPLIST_FILE = "FourLeafClover/FourLeafClover-Info.plist";
				IPHONEOS_DEPLOYMENT_TARGET = 5.0;
				LIBRARY_SEARCH_PATHS = (
					"$(inherited)",
					"\"$(SRCROOT)/Airship\"",
				);
				PRODUCT_NAME = FourLeafClover;
				WRAPPER_EXTENSION = app;
			};
			name = Release;
		};
/* End XCBuildConfiguration section */

/* Begin XCConfigurationList section */
		6514651915AE79FC00B3DA74 /* Build configuration list for PBXProject "FourLeafClover" */ = {
			isa = XCConfigurationList;
			buildConfigurations = (
				6514653B15AE79FC00B3DA74 /* Debug */,
				6514653C15AE79FC00B3DA74 /* Release */,
			);
			defaultConfigurationIsVisible = 0;
			defaultConfigurationName = Release;
		};
		6514653D15AE79FC00B3DA74 /* Build configuration list for PBXNativeTarget "FourLeafClover" */ = {
			isa = XCConfigurationList;
			buildConfigurations = (
				6514653E15AE79FC00B3DA74 /* Debug */,
				6514653F15AE79FC00B3DA74 /* Release */,
			);
			defaultConfigurationIsVisible = 0;
			defaultConfigurationName = Release;
		};
/* End XCConfigurationList section */
	};
	rootObject = 6514651615AE79FC00B3DA74 /* Project object */;
}
